
Microsoft Visual Studio Solution File, Format Version 12.00
# Visual Studio 15
VisualStudioVersion = 15.0.28307.136
MinimumVisualStudioVersion = 10.0.40219.1
Project("{FAE04EC0-301F-11D3-BF4B-00C04F79EFBC}") = "BigramMobile.Android", "BigramMobile\BigramMobile.Android\BigramMobile.Android.csproj", "{7436A56F-E88E-4AD2-9BD8-6DE13EC205A2}"
EndProject
Project("{FAE04EC0-301F-11D3-BF4B-00C04F79EFBC}") = "BigramMobile.iOS", "BigramMobile\BigramMobile.iOS\BigramMobile.iOS.csproj", "{D6F974E8-C6F7-48D9-9DE7-0A9A4531654B}"
EndProject
Project("{FAE04EC0-301F-11D3-BF4B-00C04F79EFBC}") = "BigramMobile.UWP", "BigramMobile\BigramMobile.UWP\BigramMobile.UWP.csproj", "{46973BF7-7104-4F05-90FF-321D39653CE7}"
EndProject
Project("{D954291E-2A0B-460D-934E-DC6B0785DB48}") = "BigramMobile", "BigramMobile\BigramMobile\BigramMobile.shproj", "{50C9188B-CF9D-437C-97A2-B31B643872D3}"
EndProject
Global
	GlobalSection(SharedMSBuildProjectFiles) = preSolution
		BigramMobile\BigramMobile\BigramMobile.projitems*{46973bf7-7104-4f05-90ff-321d39653ce7}*SharedItemsImports = 4
		BigramMobile\BigramMobile\BigramMobile.projitems*{50c9188b-cf9d-437c-97a2-b31b643872d3}*SharedItemsImports = 13
		BigramMobile\BigramMobile\BigramMobile.projitems*{7436a56f-e88e-4ad2-9bd8-6de13ec205a2}*SharedItemsImports = 4
		BigramMobile\BigramMobile\BigramMobile.projitems*{d6f974e8-c6f7-48d9-9de7-0a9a4531654b}*SharedItemsImports = 4
	EndGlobalSection
	GlobalSection(SolutionConfigurationPlatforms) = preSolution
		Ad-Hoc|Any CPU = Ad-Hoc|Any CPU
		Ad-Hoc|ARM = Ad-Hoc|ARM
		Ad-Hoc|iPhone = Ad-Hoc|iPhone
		Ad-Hoc|iPhoneSimulator = Ad-Hoc|iPhoneSimulator
		Ad-Hoc|x64 = Ad-Hoc|x64
		Ad-Hoc|x86 = Ad-Hoc|x86
		AppStore|Any CPU = AppStore|Any CPU
		AppStore|ARM = AppStore|ARM
		AppStore|iPhone = AppStore|iPhone
		AppStore|iPhoneSimulator = AppStore|iPhoneSimulator
		AppStore|x64 = AppStore|x64
		AppStore|x86 = AppStore|x86
		Debug|Any CPU = Debug|Any CPU
		Debug|ARM = Debug|ARM
		Debug|iPhone = Debug|iPhone
		Debug|iPhoneSimulator = Debug|iPhoneSimulator
		Debug|x64 = Debug|x64
		Debug|x86 = Debug|x86
		Release|Any CPU = Release|Any CPU
		Release|ARM = Release|ARM
		Release|iPhone = Release|iPhone
		Release|iPhoneSimulator = Release|iPhoneSimulator
		Release|x64 = Release|x64
		Release|x86 = Release|x86
	EndGlobalSection
	GlobalSection(ProjectConfigurationPlatforms) = postSolution
		{7436A56F-E88E-4AD2-9BD8-6DE13EC205A2}.Ad-Hoc|Any CPU.ActiveCfg = Release|Any CPU
		{7436A56F-E88E-4AD2-9BD8-6DE13EC205A2}.Ad-Hoc|Any CPU.Build.0 = Release|Any CPU
		{7436A56F-E88E-4AD2-9BD8-6DE13EC205A2}.Ad-Hoc|Any CPU.Deploy.0 = Release|Any CPU
		{7436A56F-E88E-4AD2-9BD8-6DE13EC205A2}.Ad-Hoc|ARM.ActiveCfg = Release|Any CPU
		{7436A56F-E88E-4AD2-9BD8-6DE13EC205A2}.Ad-Hoc|ARM.Build.0 = Release|Any CPU
		{7436A56F-E88E-4AD2-9BD8-6DE13EC205A2}.Ad-Hoc|ARM.Deploy.0 = Release|Any CPU
		{7436A56F-E88E-4AD2-9BD8-6DE13EC205A2}.Ad-Hoc|iPhone.ActiveCfg = Release|Any CPU
		{7436A56F-E88E-4AD2-9BD8-6DE13EC205A2}.Ad-Hoc|iPhone.Build.0 = Release|Any CPU
		{7436A56F-E88E-4AD2-9BD8-6DE13EC205A2}.Ad-Hoc|iPhone.Deploy.0 = Release|Any CPU
		{7436A56F-E88E-4AD2-9BD8-6DE13EC205A2}.Ad-Hoc|iPhoneSimulator.ActiveCfg = Release|Any CPU
		{7436A56F-E88E-4AD2-9BD8-6DE13EC205A2}.Ad-Hoc|iPhoneSimulator.Build.0 = Release|Any CPU
		{7436A56F-E88E-4AD2-9BD8-6DE13EC205A2}.Ad-Hoc|iPhoneSimulator.Deploy.0 = Release|Any CPU
		{7436A56F-E88E-4AD2-9BD8-6DE13EC205A2}.Ad-Hoc|x64.ActiveCfg = Release|Any CPU
		{7436A56F-E88E-4AD2-9BD8-6DE13EC205A2}.Ad-Hoc|x64.Build.0 = Release|Any CPU
		{7436A56F-E88E-4AD2-9BD8-6DE13EC205A2}.Ad-Hoc|x64.Deploy.0 = Release|Any CPU
		{7436A56F-E88E-4AD2-9BD8-6DE13EC205A2}.Ad-Hoc|x86.ActiveCfg = Release|Any CPU
		{7436A56F-E88E-4AD2-9BD8-6DE13EC205A2}.Ad-Hoc|x86.Build.0 = Release|Any CPU
		{7436A56F-E88E-4AD2-9BD8-6DE13EC205A2}.Ad-Hoc|x86.Deploy.0 = Release|Any CPU
		{7436A56F-E88E-4AD2-9BD8-6DE13EC205A2}.AppStore|Any CPU.ActiveCfg = Release|Any CPU
		{7436A56F-E88E-4AD2-9BD8-6DE13EC205A2}.AppStore|Any CPU.Build.0 = Release|Any CPU
		{7436A56F-E88E-4AD2-9BD8-6DE13EC205A2}.AppStore|Any CPU.Deploy.0 = Release|Any CPU
		{7436A56F-E88E-4AD2-9BD8-6DE13EC205A2}.AppStore|ARM.ActiveCfg = Release|Any CPU
		{7436A56F-E88E-4AD2-9BD8-6DE13EC205A2}.AppStore|ARM.Build.0 = Release|Any CPU
		{7436A56F-E88E-4AD2-9BD8-6DE13EC205A2}.AppStore|ARM.Deploy.0 = Release|Any CPU
		{7436A56F-E88E-4AD2-9BD8-6DE13EC205A2}.AppStore|iPhone.ActiveCfg = Release|Any CPU
		{7436A56F-E88E-4AD2-9BD8-6DE13EC205A2}.AppStore|iPhone.Build.0 = Release|Any CPU
		{7436A56F-E88E-4AD2-9BD8-6DE13EC205A2}.AppStore|iPhone.Deploy.0 = Release|Any CPU
		{7436A56F-E88E-4AD2-9BD8-6DE13EC205A2}.AppStore|iPhoneSimulator.ActiveCfg = Release|Any CPU
		{7436A56F-E88E-4AD2-9BD8-6DE13EC205A2}.AppStore|iPhoneSimulator.Build.0 = Release|Any CPU
		{7436A56F-E88E-4AD2-9BD8-6DE13EC205A2}.AppStore|iPhoneSimulator.Deploy.0 = Release|Any CPU
		{7436A56F-E88E-4AD2-9BD8-6DE13EC205A2}.AppStore|x64.ActiveCfg = Release|Any CPU
		{7436A56F-E88E-4AD2-9BD8-6DE13EC205A2}.AppStore|x64.Build.0 = Release|Any CPU
		{7436A56F-E88E-4AD2-9BD8-6DE13EC205A2}.AppStore|x64.Deploy.0 = Release|Any CPU
		{7436A56F-E88E-4AD2-9BD8-6DE13EC205A2}.AppStore|x86.ActiveCfg = Release|Any CPU
		{7436A56F-E88E-4AD2-9BD8-6DE13EC205A2}.AppStore|x86.Build.0 = Release|Any CPU
		{7436A56F-E88E-4AD2-9BD8-6DE13EC205A2}.AppStore|x86.Deploy.0 = Release|Any CPU
		{7436A56F-E88E-4AD2-9BD8-6DE13EC205A2}.Debug|Any CPU.ActiveCfg = Debug|Any CPU
		{7436A56F-E88E-4AD2-9BD8-6DE13EC205A2}.Debug|Any CPU.Build.0 = Debug|Any CPU
		{7436A56F-E88E-4AD2-9BD8-6DE13EC205A2}.Debug|Any CPU.Deploy.0 = Debug|Any CPU
		{7436A56F-E88E-4AD2-9BD8-6DE13EC205A2}.Debug|ARM.ActiveCfg = Debug|Any CPU
		{7436A56F-E88E-4AD2-9BD8-6DE13EC205A2}.Debug|ARM.Build.0 = Debug|Any CPU
		{7436A56F-E88E-4AD2-9BD8-6DE13EC205A2}.Debug|ARM.Deploy.0 = Debug|Any CPU
		{7436A56F-E88E-4AD2-9BD8-6DE13EC205A2}.Debug|iPhone.ActiveCfg = Debug|Any CPU
		{7436A56F-E88E-4AD2-9BD8-6DE13EC205A2}.Debug|iPhone.Build.0 = Debug|Any CPU
		{7436A56F-E88E-4AD2-9BD8-6DE13EC205A2}.Debug|iPhone.Deploy.0 = Debug|Any CPU
		{7436A56F-E88E-4AD2-9BD8-6DE13EC205A2}.Debug|iPhoneSimulator.ActiveCfg = Debug|Any CPU
		{7436A56F-E88E-4AD2-9BD8-6DE13EC205A2}.Debug|iPhoneSimulator.Build.0 = Debug|Any CPU
		{7436A56F-E88E-4AD2-9BD8-6DE13EC205A2}.Debug|iPhoneSimulator.Deploy.0 = Debug|Any CPU
		{7436A56F-E88E-4AD2-9BD8-6DE13EC205A2}.Debug|x64.ActiveCfg = Debug|Any CPU
		{7436A56F-E88E-4AD2-9BD8-6DE13EC205A2}.Debug|x64.Build.0 = Debug|Any CPU
		{7436A56F-E88E-4AD2-9BD8-6DE13EC205A2}.Debug|x64.Deploy.0 = Debug|Any CPU
		{7436A56F-E88E-4AD2-9BD8-6DE13EC205A2}.Debug|x86.ActiveCfg = Debug|Any CPU
		{7436A56F-E88E-4AD2-9BD8-6DE13EC205A2}.Debug|x86.Build.0 = Debug|Any CPU
		{7436A56F-E88E-4AD2-9BD8-6DE13EC205A2}.Debug|x86.Deploy.0 = Debug|Any CPU
		{7436A56F-E88E-4AD2-9BD8-6DE13EC205A2}.Release|Any CPU.ActiveCfg = Release|Any CPU
		{7436A56F-E88E-4AD2-9BD8-6DE13EC205A2}.Release|Any CPU.Build.0 = Release|Any CPU
		{7436A56F-E88E-4AD2-9BD8-6DE13EC205A2}.Release|Any CPU.Deploy.0 = Release|Any CPU
		{7436A56F-E88E-4AD2-9BD8-6DE13EC205A2}.Release|ARM.ActiveCfg = Release|Any CPU
		{7436A56F-E88E-4AD2-9BD8-6DE13EC205A2}.Release|ARM.Build.0 = Release|Any CPU
		{7436A56F-E88E-4AD2-9BD8-6DE13EC205A2}.Release|ARM.Deploy.0 = Release|Any CPU
		{7436A56F-E88E-4AD2-9BD8-6DE13EC205A2}.Release|iPhone.ActiveCfg = Release|Any CPU
		{7436A56F-E88E-4AD2-9BD8-6DE13EC205A2}.Release|iPhone.Build.0 = Release|Any CPU
		{7436A56F-E88E-4AD2-9BD8-6DE13EC205A2}.Release|iPhone.Deploy.0 = Release|Any CPU
		{7436A56F-E88E-4AD2-9BD8-6DE13EC205A2}.Release|iPhoneSimulator.ActiveCfg = Release|Any CPU
		{7436A56F-E88E-4AD2-9BD8-6DE13EC205A2}.Release|iPhoneSimulator.Build.0 = Release|Any CPU
		{7436A56F-E88E-4AD2-9BD8-6DE13EC205A2}.Release|iPhoneSimulator.Deploy.0 = Release|Any CPU
		{7436A56F-E88E-4AD2-9BD8-6DE13EC205A2}.Release|x64.ActiveCfg = Release|Any CPU
		{7436A56F-E88E-4AD2-9BD8-6DE13EC205A2}.Release|x64.Build.0 = Release|Any CPU
		{7436A56F-E88E-4AD2-9BD8-6DE13EC205A2}.Release|x64.Deploy.0 = Release|Any CPU
		{7436A56F-E88E-4AD2-9BD8-6DE13EC205A2}.Release|x86.ActiveCfg = Release|Any CPU
		{7436A56F-E88E-4AD2-9BD8-6DE13EC205A2}.Release|x86.Build.0 = Release|Any CPU
		{7436A56F-E88E-4AD2-9BD8-6DE13EC205A2}.Release|x86.Deploy.0 = Release|Any CPU
		{D6F974E8-C6F7-48D9-9DE7-0A9A4531654B}.Ad-Hoc|Any CPU.ActiveCfg = Ad-Hoc|iPhone
		{D6F974E8-C6F7-48D9-9DE7-0A9A4531654B}.Ad-Hoc|Any CPU.Build.0 = Ad-Hoc|iPhone
		{D6F974E8-C6F7-48D9-9DE7-0A9A4531654B}.Ad-Hoc|Any CPU.Deploy.0 = Ad-Hoc|iPhone
		{D6F974E8-C6F7-48D9-9DE7-0A9A4531654B}.Ad-Hoc|ARM.ActiveCfg = Ad-Hoc|iPhone
		{D6F974E8-C6F7-48D9-9DE7-0A9A4531654B}.Ad-Hoc|ARM.Build.0 = Ad-Hoc|iPhone
		{D6F974E8-C6F7-48D9-9DE7-0A9A4531654B}.Ad-Hoc|ARM.Deploy.0 = Ad-Hoc|iPhone
		{D6F974E8-C6F7-48D9-9DE7-0A9A4531654B}.Ad-Hoc|iPhone.ActiveCfg = Ad-Hoc|iPhone
		{D6F974E8-C6F7-48D9-9DE7-0A9A4531654B}.Ad-Hoc|iPhone.Build.0 = Ad-Hoc|iPhone
		{D6F974E8-C6F7-48D9-9DE7-0A9A4531654B}.Ad-Hoc|iPhone.Deploy.0 = Ad-Hoc|iPhone
		{D6F974E8-C6F7-48D9-9DE7-0A9A4531654B}.Ad-Hoc|iPhoneSimulator.ActiveCfg = Ad-Hoc|iPhoneSimulator
		{D6F974E8-C6F7-48D9-9DE7-0A9A4531654B}.Ad-Hoc|iPhoneSimulator.Build.0 = Ad-Hoc|iPhoneSimulator
		{D6F974E8-C6F7-48D9-9DE7-0A9A4531654B}.Ad-Hoc|iPhoneSimulator.Deploy.0 = Ad-Hoc|iPhoneSimulator
		{D6F974E8-C6F7-48D9-9DE7-0A9A4531654B}.Ad-Hoc|x64.ActiveCfg = Ad-Hoc|iPhone
		{D6F974E8-C6F7-48D9-9DE7-0A9A4531654B}.Ad-Hoc|x64.Build.0 = Ad-Hoc|iPhone
		{D6F974E8-C6F7-48D9-9DE7-0A9A4531654B}.Ad-Hoc|x64.Deploy.0 = Ad-Hoc|iPhone
		{D6F974E8-C6F7-48D9-9DE7-0A9A4531654B}.Ad-Hoc|x86.ActiveCfg = Ad-Hoc|iPhone
		{D6F974E8-C6F7-48D9-9DE7-0A9A4531654B}.Ad-Hoc|x86.Build.0 = Ad-Hoc|iPhone
		{D6F974E8-C6F7-48D9-9DE7-0A9A4531654B}.Ad-Hoc|x86.Deploy.0 = Ad-Hoc|iPhone
		{D6F974E8-C6F7-48D9-9DE7-0A9A4531654B}.AppStore|Any CPU.ActiveCfg = AppStore|iPhone
		{D6F974E8-C6F7-48D9-9DE7-0A9A4531654B}.AppStore|Any CPU.Build.0 = AppStore|iPhone
		{D6F974E8-C6F7-48D9-9DE7-0A9A4531654B}.AppStore|Any CPU.Deploy.0 = AppStore|iPhone
		{D6F974E8-C6F7-48D9-9DE7-0A9A4531654B}.AppStore|ARM.ActiveCfg = AppStore|iPhone
		{D6F974E8-C6F7-48D9-9DE7-0A9A4531654B}.AppStore|ARM.Build.0 = AppStore|iPhone
		{D6F974E8-C6F7-48D9-9DE7-0A9A4531654B}.AppStore|ARM.Deploy.0 = AppStore|iPhone
		{D6F974E8-C6F7-48D9-9DE7-0A9A4531654B}.AppStore|iPhone.ActiveCfg = AppStore|iPhone
		{D6F974E8-C6F7-48D9-9DE7-0A9A4531654B}.AppStore|iPhone.Build.0 = AppStore|iPhone
		{D6F974E8-C6F7-48D9-9DE7-0A9A4531654B}.AppStore|iPhone.Deploy.0 = AppStore|iPhone
		{D6F974E8-C6F7-48D9-9DE7-0A9A4531654B}.AppStore|iPhoneSimulator.ActiveCfg = AppStore|iPhoneSimulator
		{D6F974E8-C6F7-48D9-9DE7-0A9A4531654B}.AppStore|iPhoneSimulator.Build.0 = AppStore|iPhoneSimulator
		{D6F974E8-C6F7-48D9-9DE7-0A9A4531654B}.AppStore|iPhoneSimulator.Deploy.0 = AppStore|iPhoneSimulator
		{D6F974E8-C6F7-48D9-9DE7-0A9A4531654B}.AppStore|x64.ActiveCfg = AppStore|iPhone
		{D6F974E8-C6F7-48D9-9DE7-0A9A4531654B}.AppStore|x64.Build.0 = AppStore|iPhone
		{D6F974E8-C6F7-48D9-9DE7-0A9A4531654B}.AppStore|x64.Deploy.0 = AppStore|iPhone
		{D6F974E8-C6F7-48D9-9DE7-0A9A4531654B}.AppStore|x86.ActiveCfg = AppStore|iPhone
		{D6F974E8-C6F7-48D9-9DE7-0A9A4531654B}.AppStore|x86.Build.0 = AppStore|iPhone
		{D6F974E8-C6F7-48D9-9DE7-0A9A4531654B}.AppStore|x86.Deploy.0 = AppStore|iPhone
		{D6F974E8-C6F7-48D9-9DE7-0A9A4531654B}.Debug|Any CPU.ActiveCfg = Debug|iPhone
		{D6F974E8-C6F7-48D9-9DE7-0A9A4531654B}.Debug|Any CPU.Build.0 = Debug|iPhone
		{D6F974E8-C6F7-48D9-9DE7-0A9A4531654B}.Debug|Any CPU.Deploy.0 = Debug|iPhone
		{D6F974E8-C6F7-48D9-9DE7-0A9A4531654B}.Debug|ARM.ActiveCfg = Debug|iPhone
		{D6F974E8-C6F7-48D9-9DE7-0A9A4531654B}.Debug|ARM.Build.0 = Debug|iPhone
		{D6F974E8-C6F7-48D9-9DE7-0A9A4531654B}.Debug|ARM.Deploy.0 = Debug|iPhone
		{D6F974E8-C6F7-48D9-9DE7-0A9A4531654B}.Debug|iPhone.ActiveCfg = Debug|iPhone
		{D6F974E8-C6F7-48D9-9DE7-0A9A4531654B}.Debug|iPhone.Build.0 = Debug|iPhone
		{D6F974E8-C6F7-48D9-9DE7-0A9A4531654B}.Debug|iPhone.Deploy.0 = Debug|iPhone
		{D6F974E8-C6F7-48D9-9DE7-0A9A4531654B}.Debug|iPhoneSimulator.ActiveCfg = Debug|iPhoneSimulator
		{D6F974E8-C6F7-48D9-9DE7-0A9A4531654B}.Debug|iPhoneSimulator.Build.0 = Debug|iPhoneSimulator
		{D6F974E8-C6F7-48D9-9DE7-0A9A4531654B}.Debug|iPhoneSimulator.Deploy.0 = Debug|iPhoneSimulator
		{D6F974E8-C6F7-48D9-9DE7-0A9A4531654B}.Debug|x64.ActiveCfg = Debug|iPhone
		{D6F974E8-C6F7-48D9-9DE7-0A9A4531654B}.Debug|x64.Build.0 = Debug|iPhone
		{D6F974E8-C6F7-48D9-9DE7-0A9A4531654B}.Debug|x64.Deploy.0 = Debug|iPhone
		{D6F974E8-C6F7-48D9-9DE7-0A9A4531654B}.Debug|x86.ActiveCfg = Debug|iPhoneSimulator
		{D6F974E8-C6F7-48D9-9DE7-0A9A4531654B}.Debug|x86.Build.0 = Debug|iPhoneSimulator
		{D6F974E8-C6F7-48D9-9DE7-0A9A4531654B}.Debug|x86.Deploy.0 = Debug|iPhoneSimulator
		{D6F974E8-C6F7-48D9-9DE7-0A9A4531654B}.Release|Any CPU.ActiveCfg = Release|iPhone
		{D6F974E8-C6F7-48D9-9DE7-0A9A4531654B}.Release|Any CPU.Build.0 = Release|iPhone
		{D6F974E8-C6F7-48D9-9DE7-0A9A4531654B}.Release|Any CPU.Deploy.0 = Release|iPhone
		{D6F974E8-C6F7-48D9-9DE7-0A9A4531654B}.Release|ARM.ActiveCfg = Release|iPhone
		{D6F974E8-C6F7-48D9-9DE7-0A9A4531654B}.Release|ARM.Build.0 = Release|iPhone
		{D6F974E8-C6F7-48D9-9DE7-0A9A4531654B}.Release|ARM.Deploy.0 = Release|iPhone
		{D6F974E8-C6F7-48D9-9DE7-0A9A4531654B}.Release|iPhone.ActiveCfg = Release|iPhone
		{D6F974E8-C6F7-48D9-9DE7-0A9A4531654B}.Release|iPhone.Build.0 = Release|iPhone
		{D6F974E8-C6F7-48D9-9DE7-0A9A4531654B}.Release|iPhone.Deploy.0 = Release|iPhone
		{D6F974E8-C6F7-48D9-9DE7-0A9A4531654B}.Release|iPhoneSimulator.ActiveCfg = Release|iPhoneSimulator
		{D6F974E8-C6F7-48D9-9DE7-0A9A4531654B}.Release|iPhoneSimulator.Build.0 = Release|iPhoneSimulator
		{D6F974E8-C6F7-48D9-9DE7-0A9A4531654B}.Release|iPhoneSimulator.Deploy.0 = Release|iPhoneSimulator
		{D6F974E8-C6F7-48D9-9DE7-0A9A4531654B}.Release|x64.ActiveCfg = Release|iPhone
		{D6F974E8-C6F7-48D9-9DE7-0A9A4531654B}.Release|x64.Build.0 = Release|iPhone
		{D6F974E8-C6F7-48D9-9DE7-0A9A4531654B}.Release|x64.Deploy.0 = Release|iPhone
		{D6F974E8-C6F7-48D9-9DE7-0A9A4531654B}.Release|x86.ActiveCfg = Release|iPhone
		{D6F974E8-C6F7-48D9-9DE7-0A9A4531654B}.Release|x86.Build.0 = Release|iPhone
		{D6F974E8-C6F7-48D9-9DE7-0A9A4531654B}.Release|x86.Deploy.0 = Release|iPhone
		{46973BF7-7104-4F05-90FF-321D39653CE7}.Ad-Hoc|Any CPU.ActiveCfg = Release|x86
		{46973BF7-7104-4F05-90FF-321D39653CE7}.Ad-Hoc|Any CPU.Build.0 = Release|x86
		{46973BF7-7104-4F05-90FF-321D39653CE7}.Ad-Hoc|Any CPU.Deploy.0 = Release|x86
		{46973BF7-7104-4F05-90FF-321D39653CE7}.Ad-Hoc|ARM.ActiveCfg = Release|ARM
		{46973BF7-7104-4F05-90FF-321D39653CE7}.Ad-Hoc|ARM.Build.0 = Release|ARM
		{46973BF7-7104-4F05-90FF-321D39653CE7}.Ad-Hoc|ARM.Deploy.0 = Release|ARM
		{46973BF7-7104-4F05-90FF-321D39653CE7}.Ad-Hoc|iPhone.ActiveCfg = Release|x86
		{46973BF7-7104-4F05-90FF-321D39653CE7}.Ad-Hoc|iPhone.Build.0 = Release|x86
		{46973BF7-7104-4F05-90FF-321D39653CE7}.Ad-Hoc|iPhone.Deploy.0 = Release|x86
		{46973BF7-7104-4F05-90FF-321D39653CE7}.Ad-Hoc|iPhoneSimulator.ActiveCfg = Release|x86
		{46973BF7-7104-4F05-90FF-321D39653CE7}.Ad-Hoc|iPhoneSimulator.Build.0 = Release|x86
		{46973BF7-7104-4F05-90FF-321D39653CE7}.Ad-Hoc|iPhoneSimulator.Deploy.0 = Release|x86
		{46973BF7-7104-4F05-90FF-321D39653CE7}.Ad-Hoc|x64.ActiveCfg = Release|x64
		{46973BF7-7104-4F05-90FF-321D39653CE7}.Ad-Hoc|x64.Build.0 = Release|x64
		{46973BF7-7104-4F05-90FF-321D39653CE7}.Ad-Hoc|x64.Deploy.0 = Release|x64
		{46973BF7-7104-4F05-90FF-321D39653CE7}.Ad-Hoc|x86.ActiveCfg = Release|x86
		{46973BF7-7104-4F05-90FF-321D39653CE7}.Ad-Hoc|x86.Build.0 = Release|x86
		{46973BF7-7104-4F05-90FF-321D39653CE7}.Ad-Hoc|x86.Deploy.0 = Release|x86
		{46973BF7-7104-4F05-90FF-321D39653CE7}.AppStore|Any CPU.ActiveCfg = Release|x86
		{46973BF7-7104-4F05-90FF-321D39653CE7}.AppStore|Any CPU.Build.0 = Release|x86
		{46973BF7-7104-4F05-90FF-321D39653CE7}.AppStore|Any CPU.Deploy.0 = Release|x86
		{46973BF7-7104-4F05-90FF-321D39653CE7}.AppStore|ARM.ActiveCfg = Release|ARM
		{46973BF7-7104-4F05-90FF-321D39653CE7}.AppStore|ARM.Build.0 = Release|ARM
		{46973BF7-7104-4F05-90FF-321D39653CE7}.AppStore|ARM.Deploy.0 = Release|ARM
		{46973BF7-7104-4F05-90FF-321D39653CE7}.AppStore|iPhone.ActiveCfg = Release|x86
		{46973BF7-7104-4F05-90FF-321D39653CE7}.AppStore|iPhone.Build.0 = Release|x86
		{46973BF7-7104-4F05-90FF-321D39653CE7}.AppStore|iPhone.Deploy.0 = Release|x86
		{46973BF7-7104-4F05-90FF-321D39653CE7}.AppStore|iPhoneSimulator.ActiveCfg = Release|x86
		{46973BF7-7104-4F05-90FF-321D39653CE7}.AppStore|iPhoneSimulator.Build.0 = Release|x86
		{46973BF7-7104-4F05-90FF-321D39653CE7}.AppStore|iPhoneSimulator.Deploy.0 = Release|x86
		{46973BF7-7104-4F05-90FF-321D39653CE7}.AppStore|x64.ActiveCfg = Release|x64
		{46973BF7-7104-4F05-90FF-321D39653CE7}.AppStore|x64.Build.0 = Release|x64
		{46973BF7-7104-4F05-90FF-321D39653CE7}.AppStore|x64.Deploy.0 = Release|x64
		{46973BF7-7104-4F05-90FF-321D39653CE7}.AppStore|x86.ActiveCfg = Release|x86
		{46973BF7-7104-4F05-90FF-321D39653CE7}.AppStore|x86.Build.0 = Release|x86
		{46973BF7-7104-4F05-90FF-321D39653CE7}.AppStore|x86.Deploy.0 = Release|x86
		{46973BF7-7104-4F05-90FF-321D39653CE7}.Debug|Any CPU.ActiveCfg = Debug|x86
		{46973BF7-7104-4F05-90FF-321D39653CE7}.Debug|Any CPU.Build.0 = Debug|x86
		{46973BF7-7104-4F05-90FF-321D39653CE7}.Debug|Any CPU.Deploy.0 = Debug|x86
		{46973BF7-7104-4F05-90FF-321D39653CE7}.Debug|ARM.ActiveCfg = Debug|ARM
		{46973BF7-7104-4F05-90FF-321D39653CE7}.Debug|ARM.Build.0 = Debug|ARM
		{46973BF7-7104-4F05-90FF-321D39653CE7}.Debug|ARM.Deploy.0 = Debug|ARM
		{46973BF7-7104-4F05-90FF-321D39653CE7}.Debug|iPhone.ActiveCfg = Debug|x86
		{46973BF7-7104-4F05-90FF-321D39653CE7}.Debug|iPhone.Build.0 = Debug|x86
		{46973BF7-7104-4F05-90FF-321D39653CE7}.Debug|iPhone.Deploy.0 = Debug|x86
		{46973BF7-7104-4F05-90FF-321D39653CE7}.Debug|iPhoneSimulator.ActiveCfg = Debug|x86
		{46973BF7-7104-4F05-90FF-321D39653CE7}.Debug|iPhoneSimulator.Build.0 = Debug|x86
		{46973BF7-7104-4F05-90FF-321D39653CE7}.Debug|iPhoneSimulator.Deploy.0 = Debug|x86
		{46973BF7-7104-4F05-90FF-321D39653CE7}.Debug|x64.ActiveCfg = Debug|x64
		{46973BF7-7104-4F05-90FF-321D39653CE7}.Debug|x64.Build.0 = Debug|x64
		{46973BF7-7104-4F05-90FF-321D39653CE7}.Debug|x64.Deploy.0 = Debug|x64
		{46973BF7-7104-4F05-90FF-321D39653CE7}.Debug|x86.ActiveCfg = Debug|x86
		{46973BF7-7104-4F05-90FF-321D39653CE7}.Debug|x86.Build.0 = Debug|x86
		{46973BF7-7104-4F05-90FF-321D39653CE7}.Debug|x86.Deploy.0 = Debug|x86
		{46973BF7-7104-4F05-90FF-321D39653CE7}.Release|Any CPU.ActiveCfg = Release|x86
		{46973BF7-7104-4F05-90FF-321D39653CE7}.Release|Any CPU.Build.0 = Release|x86
		{46973BF7-7104-4F05-90FF-321D39653CE7}.Release|Any CPU.Deploy.0 = Release|x86
		{46973BF7-7104-4F05-90FF-321D39653CE7}.Release|ARM.ActiveCfg = Release|ARM
		{46973BF7-7104-4F05-90FF-321D39653CE7}.Release|ARM.Build.0 = Release|ARM
		{46973BF7-7104-4F05-90FF-321D39653CE7}.Release|ARM.Deploy.0 = Release|ARM
		{46973BF7-7104-4F05-90FF-321D39653CE7}.Release|iPhone.ActiveCfg = Release|x86
		{46973BF7-7104-4F05-90FF-321D39653CE7}.Release|iPhone.Build.0 = Release|x86
		{46973BF7-7104-4F05-90FF-321D39653CE7}.Release|iPhone.Deploy.0 = Release|x86
		{46973BF7-7104-4F05-90FF-321D39653CE7}.Release|iPhoneSimulator.ActiveCfg = Release|x86
		{46973BF7-7104-4F05-90FF-321D39653CE7}.Release|iPhoneSimulator.Build.0 = Release|x86
		{46973BF7-7104-4F05-90FF-321D39653CE7}.Release|iPhoneSimulator.Deploy.0 = Release|x86
		{46973BF7-7104-4F05-90FF-321D39653CE7}.Release|x64.ActiveCfg = Release|x64
		{46973BF7-7104-4F05-90FF-321D39653CE7}.Release|x64.Build.0 = Release|x64
		{46973BF7-7104-4F05-90FF-321D39653CE7}.Release|x64.Deploy.0 = Release|x64
		{46973BF7-7104-4F05-90FF-321D39653CE7}.Release|x86.ActiveCfg = Release|x86
		{46973BF7-7104-4F05-90FF-321D39653CE7}.Release|x86.Build.0 = Release|x86
		{46973BF7-7104-4F05-90FF-321D39653CE7}.Release|x86.Deploy.0 = Release|x86
	EndGlobalSection
	GlobalSection(SolutionProperties) = preSolution
		HideSolutionNode = FALSE
	EndGlobalSection
	GlobalSection(ExtensibilityGlobals) = postSolution
		SolutionGuid = {5DBA8BCA-6A6B-417D-82DC-8568B9DD3EA6}
	EndGlobalSection
EndGlobal
